
Microsoft Visual Studio Solution File, Format Version 12.00
# Visual Studio Version 16
VisualStudioVersion = 16.0.29709.97
MinimumVisualStudioVersion = 10.0.40219.1
Project("{FAE04EC0-301F-11D3-BF4B-00C04F79EFBC}") = "future value application", "future value application\future value application.csproj", "{317694CC-1A6F-4971-86C2-14A4CD3DAB66}"
EndProject
Global
	GlobalSection(SolutionConfigurationPlatforms) = preSolution
		Debug|Any CPU = Debug|Any CPU
		Release|Any CPU = Release|Any CPU
	EndGlobalSection
	GlobalSection(ProjectConfigurationPlatforms) = postSolution
		{317694CC-1A6F-4971-86C2-14A4CD3DAB66}.Debug|Any CPU.ActiveCfg = Debug|Any CPU
		{317694CC-1A6F-4971-86C2-14A4CD3DAB66}.Debug|Any CPU.Build.0 = Debug|Any CPU
		{317694CC-1A6F-4971-86C2-14A4CD3DAB66}.Release|Any CPU.ActiveCfg = Release|Any CPU
		{317694CC-1A6F-4971-86C2-14A4CD3DAB66}.Release|Any CPU.Build.0 = Release|Any CPU
	EndGlobalSection
	GlobalSection(SolutionProperties) = preSolution
		HideSolutionNode = FALSE
	EndGlobalSection
	GlobalSection(ExtensibilityGlobals) = postSolution
		SolutionGuid = {5A05EC1B-9971-45B4-A7B1-79CEC62B7158}
	EndGlobalSection
EndGlobal
